Microsoft Visual Studio Solution File, Format Version 11.00
# Visual Studio 2008

Project("{284D5EDC-524A-1167-F6DA-2860B291559E}") = "Mulato", "Assembly-CSharp-firstpass.csproj", "{4EB165EC-4B4B-D7A6-682D-61DCD30E11C6}"
EndProject
Project("{284D5EDC-524A-1167-F6DA-2860B291559E}") = "Mulato", "Assembly-CSharp.csproj", "{EA16798A-BFAE-37CC-B5AD-E3CFE89C8C65}"
EndProject
Project("{284D5EDC-524A-1167-F6DA-2860B291559E}") = "Mulato", "Assembly-CSharp-Editor.csproj", "{708EA279-DB14-6588-B686-AC8345F3BBA0}"
EndProject
Global
	GlobalSection(SolutionConfigurationPlatforms) = preSolution
		Debug|Any CPU = Debug|Any CPU
		Release|Any CPU = Release|Any CPU
	EndGlobalSection
	GlobalSection(ProjectConfigurationPlatforms) = postSolution
		{4EB165EC-4B4B-D7A6-682D-61DCD30E11C6}.Debug|Any CPU.ActiveCfg = Debug|Any CPU
		{4EB165EC-4B4B-D7A6-682D-61DCD30E11C6}.Debug|Any CPU.Build.0 = Debug|Any CPU
		{4EB165EC-4B4B-D7A6-682D-61DCD30E11C6}.Release|Any CPU.ActiveCfg = Release|Any CPU
		{4EB165EC-4B4B-D7A6-682D-61DCD30E11C6}.Release|Any CPU.Build.0 = Release|Any CPU
		{EA16798A-BFAE-37CC-B5AD-E3CFE89C8C65}.Debug|Any CPU.ActiveCfg = Debug|Any CPU
		{EA16798A-BFAE-37CC-B5AD-E3CFE89C8C65}.Debug|Any CPU.Build.0 = Debug|Any CPU
		{EA16798A-BFAE-37CC-B5AD-E3CFE89C8C65}.Release|Any CPU.ActiveCfg = Release|Any CPU
		{EA16798A-BFAE-37CC-B5AD-E3CFE89C8C65}.Release|Any CPU.Build.0 = Release|Any CPU
		{708EA279-DB14-6588-B686-AC8345F3BBA0}.Debug|Any CPU.ActiveCfg = Debug|Any CPU
		{708EA279-DB14-6588-B686-AC8345F3BBA0}.Debug|Any CPU.Build.0 = Debug|Any CPU
		{708EA279-DB14-6588-B686-AC8345F3BBA0}.Release|Any CPU.ActiveCfg = Release|Any CPU
		{708EA279-DB14-6588-B686-AC8345F3BBA0}.Release|Any CPU.Build.0 = Release|Any CPU
	EndGlobalSection
	GlobalSection(SolutionProperties) = preSolution
		HideSolutionNode = FALSE
	EndGlobalSection
	GlobalSection(MonoDevelopProperties) = preSolution
		StartupItem = Assembly-CSharp.csproj
	EndGlobalSection
EndGlobal
